{
  "originHash" : "15313ce405aaf49f4473a6337f89fe5026f462e19144d275f13cec4a2b015515",
  "pins" : [
    {
      "identity" : "fscalendar",
      "kind" : "remoteSourceControl",
      "location" : "https://github.com/WenchaoD/FSCalendar.git",
      "state" : {
        "revision" : "0fbdec5172fccb90f707472eeaea4ffe095278f6",
        "version" : "2.8.4"
      }
    },
    {
      "identity" : "lottie-spm",
      "kind" : "remoteSourceControl",
      "location" : "https://github.com/airbnb/lottie-spm.git",
      "state" : {
        "revision" : "b842598f1295f3ffa1475b1580672d1fe5b83580",
        "version" : "4.5.0"
      }
    },
    {
      "identity" : "swiftymarkdown",
      "kind" : "remoteSourceControl",
      "location" : "https://github.com/SimonFairbairn/SwiftyMarkdown",
      "state" : {
        "revision" : "dde451ab4ed9b77b328e21baa471fdfa0cf61369",
        "version" : "1.2.4"
      }
    },
    {
      "identity" : "swipecellkit",
      "kind" : "remoteSourceControl",
      "location" : "https://github.com/SwipeCellKit/SwipeCellKit",
      "state" : {
        "revision" : "7219cad3098637176ace311510d11467dbfb9bb0",
        "version" : "2.7.1"
      }
    }
  ],
  "version" : 3
}
